
Microsoft Visual Studio Solution File, Format Version 12.00
# Visual Studio Version 17
VisualStudioVersion = 17.8.34408.163
MinimumVisualStudioVersion = 10.0.40219.1
Project("{FAE04EC0-301F-11D3-BF4B-00C04F79EFBC}") = "Mission6_Whisenant", "Mission6_Whisenant\Mission6_Whisenant.csproj", "{5C8F65B7-AF9A-428A-9BCA-860B09D38CDD}"
EndProject
Global
	GlobalSection(SolutionConfigurationPlatforms) = preSolution
		Debug|Any CPU = Debug|Any CPU
		Release|Any CPU = Release|Any CPU
	EndGlobalSection
	GlobalSection(ProjectConfigurationPlatforms) = postSolution
		{5C8F65B7-AF9A-428A-9BCA-860B09D38CDD}.Debug|Any CPU.ActiveCfg = Debug|Any CPU
		{5C8F65B7-AF9A-428A-9BCA-860B09D38CDD}.Debug|Any CPU.Build.0 = Debug|Any CPU
		{5C8F65B7-AF9A-428A-9BCA-860B09D38CDD}.Release|Any CPU.ActiveCfg = Release|Any CPU
		{5C8F65B7-AF9A-428A-9BCA-860B09D38CDD}.Release|Any CPU.Build.0 = Release|Any CPU
	EndGlobalSection
	GlobalSection(SolutionProperties) = preSolution
		HideSolutionNode = FALSE
	EndGlobalSection
	GlobalSection(ExtensibilityGlobals) = postSolution
		SolutionGuid = {240E5FDB-7D33-459E-91F7-B9C82DCADE55}
	EndGlobalSection
EndGlobal
